Microsoft Visual Studio Solution File, Format Version 12.00
# Visual Studio 2012
Project("{FAE04EC0-301F-11D3-BF4B-00C04F79EFBC}") = "HexGrid", "HexGrid.csproj", "{09D0BD86-F90D-4F0A-BA8B-CA9A881BBE4A}"
EndProject
Global
	GlobalSection(SolutionConfigurationPlatforms) = preSolution
	Debug|Any CPU = Debug|Any CPU
	Release|Any CPU = Release|Any CPU
	Tools|Any CPU = Tools|Any CPU
	EndGlobalSection
	GlobalSection(ProjectConfigurationPlatforms) = postSolution
		{09D0BD86-F90D-4F0A-BA8B-CA9A881BBE4A}.Debug|Any CPU.ActiveCfg = Debug|Any CPU
		{09D0BD86-F90D-4F0A-BA8B-CA9A881BBE4A}.Debug|Any CPU.Build.0 = Debug|Any CPU
		{09D0BD86-F90D-4F0A-BA8B-CA9A881BBE4A}.Release|Any CPU.ActiveCfg = Release|Any CPU
		{09D0BD86-F90D-4F0A-BA8B-CA9A881BBE4A}.Release|Any CPU.Build.0 = Release|Any CPU
		{09D0BD86-F90D-4F0A-BA8B-CA9A881BBE4A}.Tools|Any CPU.ActiveCfg = Tools|Any CPU
		{09D0BD86-F90D-4F0A-BA8B-CA9A881BBE4A}.Tools|Any CPU.Build.0 = Tools|Any CPU
	EndGlobalSection
EndGlobal
